<?xml version="1.0" encoding="utf-8"?>
<Project ToolsVersion="4.0" xmlns="http://schemas.microsoft.com/developer/msbuild/2003">
  <ItemGroup>
    <Filter Include="소스 파일">
      <UniqueIdentifier>{4FC737F1-C7A5-4376-A066-2A32D752A2FF}</UniqueIdentifier>
      <Extensions>cpp;c;cc;cxx;c++;cppm;ixx;def;odl;idl;hpj;bat;asm;asmx</Extensions>
    </Filter>
    <Filter Include="헤더 파일">
      <UniqueIdentifier>{93995380-89BD-4b04-88EB-625FBE52EBFB}</UniqueIdentifier>
      <Extensions>h;hh;hpp;hxx;h++;hm;inl;inc;ipp;xsd</Extensions>
    </Filter>
    <Filter Include="리소스 파일">
      <UniqueIdentifier>{67DA6AB6-F800-4c08-8B7A-83BB121AAD01}</UniqueIdentifier>
      <Extensions>rc;ico;cur;bmp;dlg;rc2;rct;bin;rgs;gif;jpg;jpeg;jpe;resx;tiff;tif;png;wav;mfcribbon-ms</Extensions>
    </Filter>
    <Filter Include="헤더 파일\FactoryMethod">
      <UniqueIdentifier>{6459210b-5eb2-4723-90e0-e7aed58f0fd2}</UniqueIdentifier>
    </Filter>
    <Filter Include="헤더 파일\FactoryMethod\Pizza">
      <UniqueIdentifier>{93e81e33-bcb6-450c-bfa1-8317fea52f93}</UniqueIdentifier>
    </Filter>
    <Filter Include="헤더 파일\FactoryMethod\Pizza\Chicaho">
      <UniqueIdentifier>{8eb6d267-1a16-4d46-9bc9-4da687e773e6}</UniqueIdentifier>
    </Filter>
    <Filter Include="헤더 파일\FactoryMethod\Pizza\New_York">
      <UniqueIdentifier>{1c26fcaf-0cad-4ee7-8204-38bf2021faaa}</UniqueIdentifier>
    </Filter>
    <Filter Include="헤더 파일\FactoryMethod\Store">
      <UniqueIdentifier>{b11e0da5-a48c-44dc-a8ed-dfa27a2d98f3}</UniqueIdentifier>
    </Filter>
    <Filter Include="헤더 파일\AbstractFactory">
      <UniqueIdentifier>{743876e1-d8d4-477e-b610-3171f0a08919}</UniqueIdentifier>
    </Filter>
    <Filter Include="헤더 파일\AbstractFactory\ingredient">
      <UniqueIdentifier>{6f6c2933-4e4c-4e07-9a21-1d07c4748722}</UniqueIdentifier>
    </Filter>
    <Filter Include="헤더 파일\AbstractFactory\Pizza">
      <UniqueIdentifier>{b54e043a-6ffd-40f5-9bb5-119274e77933}</UniqueIdentifier>
    </Filter>
    <Filter Include="헤더 파일\AbstractFactory\Factory">
      <UniqueIdentifier>{e2a02f10-e753-4736-961d-6642ac81b5b1}</UniqueIdentifier>
    </Filter>
    <Filter Include="헤더 파일\AbstractFactory\ingredient\Dough">
      <UniqueIdentifier>{6226b4dd-a6f3-4a43-a9d0-ccffd556087b}</UniqueIdentifier>
    </Filter>
    <Filter Include="헤더 파일\AbstractFactory\ingredient\Cheese">
      <UniqueIdentifier>{f8bc5594-027d-4e2a-8658-93b487e8bc56}</UniqueIdentifier>
    </Filter>
    <Filter Include="헤더 파일\AbstractFactory\ingredient\Clams">
      <UniqueIdentifier>{fd4b64fa-602f-479e-a66a-905d89a19f2c}</UniqueIdentifier>
    </Filter>
    <Filter Include="헤더 파일\AbstractFactory\ingredient\Sauce">
      <UniqueIdentifier>{adadf51d-00e1-44c0-b210-cdcbca5b2c89}</UniqueIdentifier>
    </Filter>
    <Filter Include="헤더 파일\AbstractFactory\ingredient\Pepperoni">
      <UniqueIdentifier>{3fb8e9f6-ca4c-477c-a0b9-8c5833e53e5b}</UniqueIdentifier>
    </Filter>
    <Filter Include="헤더 파일\AbstractFactory\ingredient\Veggies">
      <UniqueIdentifier>{6864e7be-bb3e-47da-a52b-ddf743fa969d}</UniqueIdentifier>
    </Filter>
    <Filter Include="헤더 파일\AbstractFactory\Store">
      <UniqueIdentifier>{32385c63-9481-41d9-a185-94a939570fa3}</UniqueIdentifier>
    </Filter>
  </ItemGroup>
  <ItemGroup>
    <ClCompile Include="main.cpp">
      <Filter>소스 파일</Filter>
    </ClCompile>
    <ClCompile Include="stdafx.cpp">
      <Filter>소스 파일</Filter>
    </ClCompile>
  </ItemGroup>
  <ItemGroup>
    <ClInclude Include="stdafx.h">
      <Filter>헤더 파일</Filter>
    </ClInclude>
    <ClInclude Include="FactoryMethod\chicago_style_cheese_pizza.hpp">
      <Filter>헤더 파일\FactoryMethod\Pizza\Chicaho</Filter>
    </ClInclude>
    <ClInclude Include="FactoryMethod\chicago_style_clam_pizza.hpp">
      <Filter>헤더 파일\FactoryMethod\Pizza\Chicaho</Filter>
    </ClInclude>
    <ClInclude Include="FactoryMethod\chicago_style_pepperoni_pizza.hpp">
      <Filter>헤더 파일\FactoryMethod\Pizza\Chicaho</Filter>
    </ClInclude>
    <ClInclude Include="FactoryMethod\chicago_style_veggie_pizza.hpp">
      <Filter>헤더 파일\FactoryMethod\Pizza\Chicaho</Filter>
    </ClInclude>
    <ClInclude Include="FactoryMethod\ny_style_cheese_pizza.hpp">
      <Filter>헤더 파일\FactoryMethod\Pizza\New_York</Filter>
    </ClInclude>
    <ClInclude Include="FactoryMethod\ny_style_clam_pizza.hpp">
      <Filter>헤더 파일\FactoryMethod\Pizza\New_York</Filter>
    </ClInclude>
    <ClInclude Include="FactoryMethod\ny_style_pepperoni_pizza.hpp">
      <Filter>헤더 파일\FactoryMethod\Pizza\New_York</Filter>
    </ClInclude>
    <ClInclude Include="FactoryMethod\ny_style_veggie_pizza.hpp">
      <Filter>헤더 파일\FactoryMethod\Pizza\New_York</Filter>
    </ClInclude>
    <ClInclude Include="FactoryMethod\pizza_store.hpp">
      <Filter>헤더 파일\FactoryMethod\Store</Filter>
    </ClInclude>
    <ClInclude Include="FactoryMethod\ny_style_pizza_store.hpp">
      <Filter>헤더 파일\FactoryMethod\Store</Filter>
    </ClInclude>
    <ClInclude Include="FactoryMethod\chicago_style_pizza_store.hpp">
      <Filter>헤더 파일\FactoryMethod\Store</Filter>
    </ClInclude>
    <ClInclude Include="FactoryMethod\pizza.hpp">
      <Filter>헤더 파일\FactoryMethod</Filter>
    </ClInclude>
    <ClInclude Include="AbstractFactory\pizza.hpp">
      <Filter>헤더 파일\AbstractFactory\Pizza</Filter>
    </ClInclude>
    <ClInclude Include="AbstractFactory\cheese_pizza.hpp">
      <Filter>헤더 파일\AbstractFactory\Pizza</Filter>
    </ClInclude>
    <ClInclude Include="AbstractFactory\chicago_pizzaIngredient_factory.hpp">
      <Filter>헤더 파일\AbstractFactory\Factory</Filter>
    </ClInclude>
    <ClInclude Include="AbstractFactory\dough_interface.hpp">
      <Filter>헤더 파일\AbstractFactory\ingredient\Dough</Filter>
    </ClInclude>
    <ClInclude Include="AbstractFactory\cheese_interface.hpp">
      <Filter>헤더 파일\AbstractFactory\ingredient\Cheese</Filter>
    </ClInclude>
    <ClInclude Include="AbstractFactory\clams_interface.hpp">
      <Filter>헤더 파일\AbstractFactory\ingredient\Clams</Filter>
    </ClInclude>
    <ClInclude Include="AbstractFactory\sauce_interface.hpp">
      <Filter>헤더 파일\AbstractFactory\ingredient\Sauce</Filter>
    </ClInclude>
    <ClInclude Include="AbstractFactory\veggies_interface.hpp">
      <Filter>헤더 파일\AbstractFactory\ingredient\Veggies</Filter>
    </ClInclude>
    <ClInclude Include="AbstractFactory\pepperoni_interface.hpp">
      <Filter>헤더 파일\AbstractFactory\ingredient\Pepperoni</Filter>
    </ClInclude>
    <ClInclude Include="AbstractFactory\black_olives.hpp">
      <Filter>헤더 파일\AbstractFactory\ingredient\Veggies</Filter>
    </ClInclude>
    <ClInclude Include="AbstractFactory\mozzarella_cheese.hpp">
      <Filter>헤더 파일\AbstractFactory\ingredient\Cheese</Filter>
    </ClInclude>
    <ClInclude Include="AbstractFactory\plum_tomato_sauce.hpp">
      <Filter>헤더 파일\AbstractFactory\ingredient\Sauce</Filter>
    </ClInclude>
    <ClInclude Include="AbstractFactory\sliced_pepperoni.hpp">
      <Filter>헤더 파일\AbstractFactory\ingredient\Pepperoni</Filter>
    </ClInclude>
    <ClInclude Include="AbstractFactory\thick_crust_dough.hpp">
      <Filter>헤더 파일\AbstractFactory\ingredient\Dough</Filter>
    </ClInclude>
    <ClInclude Include="AbstractFactory\frozen_clams.hpp">
      <Filter>헤더 파일\AbstractFactory\ingredient\Clams</Filter>
    </ClInclude>
    <ClInclude Include="AbstractFactory\spinach.hpp">
      <Filter>헤더 파일\AbstractFactory\ingredient\Veggies</Filter>
    </ClInclude>
    <ClInclude Include="AbstractFactory\eggplant.hpp">
      <Filter>헤더 파일\AbstractFactory\ingredient\Veggies</Filter>
    </ClInclude>
    <ClInclude Include="AbstractFactory\pizza_ingredient_factory_interface.hpp">
      <Filter>헤더 파일\AbstractFactory\Factory</Filter>
    </ClInclude>
    <ClInclude Include="AbstractFactory\ny_pizzaIngredient_factory.hpp">
      <Filter>헤더 파일\AbstractFactory\Factory</Filter>
    </ClInclude>
    <ClInclude Include="AbstractFactory\marinara_sauce.hpp">
      <Filter>헤더 파일\AbstractFactory\ingredient\Sauce</Filter>
    </ClInclude>
    <ClInclude Include="AbstractFactory\reggiano_cheese.hpp">
      <Filter>헤더 파일\AbstractFactory\ingredient\Cheese</Filter>
    </ClInclude>
    <ClInclude Include="AbstractFactory\fresh_clams.hpp">
      <Filter>헤더 파일\AbstractFactory\ingredient\Clams</Filter>
    </ClInclude>
    <ClInclude Include="AbstractFactory\garlic.hpp">
      <Filter>헤더 파일\AbstractFactory\ingredient\Veggies</Filter>
    </ClInclude>
    <ClInclude Include="AbstractFactory\onion.hpp">
      <Filter>헤더 파일\AbstractFactory\ingredient\Veggies</Filter>
    </ClInclude>
    <ClInclude Include="AbstractFactory\mushroom.hpp">
      <Filter>헤더 파일\AbstractFactory\ingredient\Veggies</Filter>
    </ClInclude>
    <ClInclude Include="AbstractFactory\red_pepper.hpp">
      <Filter>헤더 파일\AbstractFactory\ingredient\Veggies</Filter>
    </ClInclude>
    <ClInclude Include="AbstractFactory\chicago_pizza_store.hpp">
      <Filter>헤더 파일\AbstractFactory\Store</Filter>
    </ClInclude>
    <ClInclude Include="AbstractFactory\pizza_store.hpp">
      <Filter>헤더 파일\AbstractFactory\Store</Filter>
    </ClInclude>
    <ClInclude Include="AbstractFactory\veggie_pizza.hpp">
      <Filter>헤더 파일\AbstractFactory\Pizza</Filter>
    </ClInclude>
    <ClInclude Include="AbstractFactory\clam_pizza.hpp">
      <Filter>헤더 파일\AbstractFactory\Pizza</Filter>
    </ClInclude>
    <ClInclude Include="AbstractFactory\pepperoni_pizza.hpp">
      <Filter>헤더 파일\AbstractFactory\Pizza</Filter>
    </ClInclude>
    <ClInclude Include="AbstractFactory\ny_pizza_store.hpp">
      <Filter>헤더 파일\AbstractFactory\Store</Filter>
    </ClInclude>
  </ItemGroup>
</Project>